
Microsoft Visual Studio Solution File, Format Version 12.00
# Visual Studio 15
VisualStudioVersion = 15.0.28307.168
MinimumVisualStudioVersion = 10.0.40219.1
Project("{FAE04EC0-301F-11D3-BF4B-00C04F79EFBC}") = "C0730323-C0730065", "C0730323-C0730065\C0730323-C0730065.csproj", "{4F72E18F-094B-40C2-8B6D-4771E936B8BD}"
EndProject
Global
	GlobalSection(SolutionConfigurationPlatforms) = preSolution
		Debug|Any CPU = Debug|Any CPU
		Release|Any CPU = Release|Any CPU
	EndGlobalSection
	GlobalSection(ProjectConfigurationPlatforms) = postSolution
		{4F72E18F-094B-40C2-8B6D-4771E936B8BD}.Debug|Any CPU.ActiveCfg = Debug|Any CPU
		{4F72E18F-094B-40C2-8B6D-4771E936B8BD}.Debug|Any CPU.Build.0 = Debug|Any CPU
		{4F72E18F-094B-40C2-8B6D-4771E936B8BD}.Release|Any CPU.ActiveCfg = Release|Any CPU
		{4F72E18F-094B-40C2-8B6D-4771E936B8BD}.Release|Any CPU.Build.0 = Release|Any CPU
	EndGlobalSection
	GlobalSection(SolutionProperties) = preSolution
		HideSolutionNode = FALSE
	EndGlobalSection
	GlobalSection(ExtensibilityGlobals) = postSolution
		SolutionGuid = {7904D2FE-3937-446F-8F35-B730D95A8150}
	EndGlobalSection
EndGlobal
