
Microsoft Visual Studio Solution File, Format Version 12.00
# Visual Studio 15
VisualStudioVersion = 15.0.28307.168
MinimumVisualStudioVersion = 10.0.40219.1
Project("{FAE04EC0-301F-11D3-BF4B-00C04F79EFBC}") = "C0730065-C0730323", "C0730065-C0730323\C0730065-C0730323.csproj", "{60A45A6F-C9F8-413D-B11E-CF49760137AA}"
EndProject
Global
	GlobalSection(SolutionConfigurationPlatforms) = preSolution
		Debug|Any CPU = Debug|Any CPU
		Release|Any CPU = Release|Any CPU
	EndGlobalSection
	GlobalSection(ProjectConfigurationPlatforms) = postSolution
		{60A45A6F-C9F8-413D-B11E-CF49760137AA}.Debug|Any CPU.ActiveCfg = Debug|Any CPU
		{60A45A6F-C9F8-413D-B11E-CF49760137AA}.Debug|Any CPU.Build.0 = Debug|Any CPU
		{60A45A6F-C9F8-413D-B11E-CF49760137AA}.Release|Any CPU.ActiveCfg = Release|Any CPU
		{60A45A6F-C9F8-413D-B11E-CF49760137AA}.Release|Any CPU.Build.0 = Release|Any CPU
	EndGlobalSection
	GlobalSection(SolutionProperties) = preSolution
		HideSolutionNode = FALSE
	EndGlobalSection
	GlobalSection(ExtensibilityGlobals) = postSolution
		SolutionGuid = {5544A798-FD04-4E4D-9327-B25B0E0BD7ED}
	EndGlobalSection
EndGlobal
